
Microsoft Visual Studio Solution File, Format Version 12.00
# Visual Studio 15
VisualStudioVersion = 15.0.27004.2010
MinimumVisualStudioVersion = 10.0.40219.1
Project("{FAE04EC0-301F-11D3-BF4B-00C04F79EFBC}") = "MyFirstWIndowsForm", "MyFirstWIndowsForm\MyFirstWIndowsForm.csproj", "{DA57CFCE-8031-42E5-9EE8-A724F5A32E5D}"
EndProject
Global
	GlobalSection(SolutionConfigurationPlatforms) = preSolution
		Debug|Any CPU = Debug|Any CPU
		Release|Any CPU = Release|Any CPU
	EndGlobalSection
	GlobalSection(ProjectConfigurationPlatforms) = postSolution
		{DA57CFCE-8031-42E5-9EE8-A724F5A32E5D}.Debug|Any CPU.ActiveCfg = Debug|Any CPU
		{DA57CFCE-8031-42E5-9EE8-A724F5A32E5D}.Debug|Any CPU.Build.0 = Debug|Any CPU
		{DA57CFCE-8031-42E5-9EE8-A724F5A32E5D}.Release|Any CPU.ActiveCfg = Release|Any CPU
		{DA57CFCE-8031-42E5-9EE8-A724F5A32E5D}.Release|Any CPU.Build.0 = Release|Any CPU
	EndGlobalSection
	GlobalSection(SolutionProperties) = preSolution
		HideSolutionNode = FALSE
	EndGlobalSection
	GlobalSection(ExtensibilityGlobals) = postSolution
		SolutionGuid = {46415527-0B1B-4550-9643-1085DD4C31A4}
	EndGlobalSection
EndGlobal
