
Microsoft Visual Studio Solution File, Format Version 12.00
# Visual Studio 15
VisualStudioVersion = 15.0.27130.2026
MinimumVisualStudioVersion = 10.0.40219.1
Project("{FAE04EC0-301F-11D3-BF4B-00C04F79EFBC}") = "OOPWithForms", "OOPWithForms\OOPWithForms.csproj", "{ABF8946B-8917-48FB-AE67-3DC1F4BBA527}"
EndProject
Project("{FAE04EC0-301F-11D3-BF4B-00C04F79EFBC}") = "UnitTestProject1", "UnitTestProject1\UnitTestProject1.csproj", "{61204D6F-DD4A-4211-854B-6B608ED2CAA4}"
EndProject
Global
	GlobalSection(SolutionConfigurationPlatforms) = preSolution
		Debug|Any CPU = Debug|Any CPU
		Release|Any CPU = Release|Any CPU
	EndGlobalSection
	GlobalSection(ProjectConfigurationPlatforms) = postSolution
		{ABF8946B-8917-48FB-AE67-3DC1F4BBA527}.Debug|Any CPU.ActiveCfg = Debug|Any CPU
		{ABF8946B-8917-48FB-AE67-3DC1F4BBA527}.Debug|Any CPU.Build.0 = Debug|Any CPU
		{ABF8946B-8917-48FB-AE67-3DC1F4BBA527}.Release|Any CPU.ActiveCfg = Release|Any CPU
		{ABF8946B-8917-48FB-AE67-3DC1F4BBA527}.Release|Any CPU.Build.0 = Release|Any CPU
		{61204D6F-DD4A-4211-854B-6B608ED2CAA4}.Debug|Any CPU.ActiveCfg = Debug|Any CPU
		{61204D6F-DD4A-4211-854B-6B608ED2CAA4}.Debug|Any CPU.Build.0 = Debug|Any CPU
		{61204D6F-DD4A-4211-854B-6B608ED2CAA4}.Release|Any CPU.ActiveCfg = Release|Any CPU
		{61204D6F-DD4A-4211-854B-6B608ED2CAA4}.Release|Any CPU.Build.0 = Release|Any CPU
	EndGlobalSection
	GlobalSection(SolutionProperties) = preSolution
		HideSolutionNode = FALSE
	EndGlobalSection
	GlobalSection(ExtensibilityGlobals) = postSolution
		SolutionGuid = {A9875924-2450-47FA-AB2C-99BFD34C92EF}
	EndGlobalSection
EndGlobal
