
Microsoft Visual Studio Solution File, Format Version 12.00
# Visual Studio 15
VisualStudioVersion = 15.0.27004.2010
MinimumVisualStudioVersion = 10.0.40219.1
Project("{FAE04EC0-301F-11D3-BF4B-00C04F79EFBC}") = "Week2Examples", "Week2Examples\Week2Examples.csproj", "{9245693B-A3D9-4530-8B6B-17F9E7F1EDC7}"
EndProject
Project("{FAE04EC0-301F-11D3-BF4B-00C04F79EFBC}") = "UnitTestProject1", "UnitTestProject1\UnitTestProject1.csproj", "{BC3E13E6-7F98-44FF-9814-C995C9F24227}"
EndProject
Global
	GlobalSection(SolutionConfigurationPlatforms) = preSolution
		Debug|Any CPU = Debug|Any CPU
		Release|Any CPU = Release|Any CPU
	EndGlobalSection
	GlobalSection(ProjectConfigurationPlatforms) = postSolution
		{9245693B-A3D9-4530-8B6B-17F9E7F1EDC7}.Debug|Any CPU.ActiveCfg = Debug|Any CPU
		{9245693B-A3D9-4530-8B6B-17F9E7F1EDC7}.Debug|Any CPU.Build.0 = Debug|Any CPU
		{9245693B-A3D9-4530-8B6B-17F9E7F1EDC7}.Release|Any CPU.ActiveCfg = Release|Any CPU
		{9245693B-A3D9-4530-8B6B-17F9E7F1EDC7}.Release|Any CPU.Build.0 = Release|Any CPU
		{BC3E13E6-7F98-44FF-9814-C995C9F24227}.Debug|Any CPU.ActiveCfg = Debug|Any CPU
		{BC3E13E6-7F98-44FF-9814-C995C9F24227}.Debug|Any CPU.Build.0 = Debug|Any CPU
		{BC3E13E6-7F98-44FF-9814-C995C9F24227}.Release|Any CPU.ActiveCfg = Release|Any CPU
		{BC3E13E6-7F98-44FF-9814-C995C9F24227}.Release|Any CPU.Build.0 = Release|Any CPU
	EndGlobalSection
	GlobalSection(SolutionProperties) = preSolution
		HideSolutionNode = FALSE
	EndGlobalSection
	GlobalSection(ExtensibilityGlobals) = postSolution
		SolutionGuid = {EB69102D-5439-4A6B-B882-1922588D0358}
	EndGlobalSection
EndGlobal
